
Microsoft Visual Studio Solution File, Format Version 12.00
# Visual Studio Version 17
VisualStudioVersion = 17.10.34928.147
MinimumVisualStudioVersion = 10.0.40219.1
Project("{9A19103F-16F7-4668-BE54-9A1E7A4F7556}") = "ChessWebApp", "ChessWebApp.csproj", "{188FBF14-E855-4F03-8A1C-9E0D8812C1C5}"
EndProject
Project("{2150E333-8FDC-42A3-9474-1A3956D46DE8}") = "ChessLibrary", "ChessLibrary", "{1F8A455D-86FA-4DD5-80F1-6AFC8C48FF01}"
EndProject
Project("{9A19103F-16F7-4668-BE54-9A1E7A4F7556}") = "ChessLibrary", "..\..\tfg-chess\ChessLibrary\ChessLibrary.csproj", "{A3A96FB2-2EEB-4A76-91A2-6BA9B418653F}"
EndProject
Project("{9A19103F-16F7-4668-BE54-9A1E7A4F7556}") = "ChessLibrary.UITests", "..\..\tfg-chess\ChessLibrary.UITests\ChessLibrary.UITests.csproj", "{6F8538E7-5A0B-4A14-82A1-7DB11594091A}"
EndProject
Project("{9A19103F-16F7-4668-BE54-9A1E7A4F7556}") = "ChessLibrary.UnitTests", "..\..\tfg-chess\ChessLibrary.UnitTests\ChessLibrary.UnitTests.csproj", "{E87A0A27-5FA2-4157-B0C2-B9DA55E41D6B}"
EndProject
Global
	GlobalSection(SolutionConfigurationPlatforms) = preSolution
		Debug|Any CPU = Debug|Any CPU
		Release|Any CPU = Release|Any CPU
	EndGlobalSection
	GlobalSection(ProjectConfigurationPlatforms) = postSolution
		{188FBF14-E855-4F03-8A1C-9E0D8812C1C5}.Debug|Any CPU.ActiveCfg = Debug|Any CPU
		{188FBF14-E855-4F03-8A1C-9E0D8812C1C5}.Debug|Any CPU.Build.0 = Debug|Any CPU
		{188FBF14-E855-4F03-8A1C-9E0D8812C1C5}.Release|Any CPU.ActiveCfg = Release|Any CPU
		{188FBF14-E855-4F03-8A1C-9E0D8812C1C5}.Release|Any CPU.Build.0 = Release|Any CPU
		{A3A96FB2-2EEB-4A76-91A2-6BA9B418653F}.Debug|Any CPU.ActiveCfg = Debug|Any CPU
		{A3A96FB2-2EEB-4A76-91A2-6BA9B418653F}.Debug|Any CPU.Build.0 = Debug|Any CPU
		{A3A96FB2-2EEB-4A76-91A2-6BA9B418653F}.Release|Any CPU.ActiveCfg = Release|Any CPU
		{A3A96FB2-2EEB-4A76-91A2-6BA9B418653F}.Release|Any CPU.Build.0 = Release|Any CPU
		{6F8538E7-5A0B-4A14-82A1-7DB11594091A}.Debug|Any CPU.ActiveCfg = Debug|Any CPU
		{6F8538E7-5A0B-4A14-82A1-7DB11594091A}.Debug|Any CPU.Build.0 = Debug|Any CPU
		{6F8538E7-5A0B-4A14-82A1-7DB11594091A}.Release|Any CPU.ActiveCfg = Release|Any CPU
		{6F8538E7-5A0B-4A14-82A1-7DB11594091A}.Release|Any CPU.Build.0 = Release|Any CPU
		{E87A0A27-5FA2-4157-B0C2-B9DA55E41D6B}.Debug|Any CPU.ActiveCfg = Debug|Any CPU
		{E87A0A27-5FA2-4157-B0C2-B9DA55E41D6B}.Debug|Any CPU.Build.0 = Debug|Any CPU
		{E87A0A27-5FA2-4157-B0C2-B9DA55E41D6B}.Release|Any CPU.ActiveCfg = Release|Any CPU
		{E87A0A27-5FA2-4157-B0C2-B9DA55E41D6B}.Release|Any CPU.Build.0 = Release|Any CPU
	EndGlobalSection
	GlobalSection(SolutionProperties) = preSolution
		HideSolutionNode = FALSE
	EndGlobalSection
	GlobalSection(NestedProjects) = preSolution
		{A3A96FB2-2EEB-4A76-91A2-6BA9B418653F} = {1F8A455D-86FA-4DD5-80F1-6AFC8C48FF01}
		{6F8538E7-5A0B-4A14-82A1-7DB11594091A} = {1F8A455D-86FA-4DD5-80F1-6AFC8C48FF01}
		{E87A0A27-5FA2-4157-B0C2-B9DA55E41D6B} = {1F8A455D-86FA-4DD5-80F1-6AFC8C48FF01}
	EndGlobalSection
	GlobalSection(ExtensibilityGlobals) = postSolution
		SolutionGuid = {CF62B2CB-773A-4338-B501-10368195C5C4}
	EndGlobalSection
EndGlobal
