
Microsoft Visual Studio Solution File, Format Version 12.00
# Visual Studio Version 17
VisualStudioVersion = 17.9.34728.123
MinimumVisualStudioVersion = 10.0.40219.1
Project("{9A19103F-16F7-4668-BE54-9A1E7A4F7556}") = "ChessLibrary", "ChessLibrary.csproj", "{CFF2E823-79DF-4398-A5D4-AA4FBE560B17}"
EndProject
Project("{9A19103F-16F7-4668-BE54-9A1E7A4F7556}") = "ChessLibrary.UITests", "..\ChessLibrary.UITests\ChessLibrary.UITests.csproj", "{C58CCDB1-1D25-404D-8D26-4E2621679DB3}"
EndProject
Project("{9A19103F-16F7-4668-BE54-9A1E7A4F7556}") = "ChessLibrary.UnitTests", "..\ChessLibrary.UnitTests\ChessLibrary.UnitTests.csproj", "{16F60677-600F-4F19-9626-073BBE60F347}"
EndProject
Global
	GlobalSection(SolutionConfigurationPlatforms) = preSolution
		Debug|Any CPU = Debug|Any CPU
		Release|Any CPU = Release|Any CPU
	EndGlobalSection
	GlobalSection(ProjectConfigurationPlatforms) = postSolution
		{CFF2E823-79DF-4398-A5D4-AA4FBE560B17}.Debug|Any CPU.ActiveCfg = Debug|Any CPU
		{CFF2E823-79DF-4398-A5D4-AA4FBE560B17}.Debug|Any CPU.Build.0 = Debug|Any CPU
		{CFF2E823-79DF-4398-A5D4-AA4FBE560B17}.Release|Any CPU.ActiveCfg = Release|Any CPU
		{CFF2E823-79DF-4398-A5D4-AA4FBE560B17}.Release|Any CPU.Build.0 = Release|Any CPU
		{C58CCDB1-1D25-404D-8D26-4E2621679DB3}.Debug|Any CPU.ActiveCfg = Debug|Any CPU
		{C58CCDB1-1D25-404D-8D26-4E2621679DB3}.Debug|Any CPU.Build.0 = Debug|Any CPU
		{C58CCDB1-1D25-404D-8D26-4E2621679DB3}.Release|Any CPU.ActiveCfg = Release|Any CPU
		{C58CCDB1-1D25-404D-8D26-4E2621679DB3}.Release|Any CPU.Build.0 = Release|Any CPU
		{16F60677-600F-4F19-9626-073BBE60F347}.Debug|Any CPU.ActiveCfg = Debug|Any CPU
		{16F60677-600F-4F19-9626-073BBE60F347}.Debug|Any CPU.Build.0 = Debug|Any CPU
		{16F60677-600F-4F19-9626-073BBE60F347}.Release|Any CPU.ActiveCfg = Release|Any CPU
		{16F60677-600F-4F19-9626-073BBE60F347}.Release|Any CPU.Build.0 = Release|Any CPU
	EndGlobalSection
	GlobalSection(SolutionProperties) = preSolution
		HideSolutionNode = FALSE
	EndGlobalSection
	GlobalSection(ExtensibilityGlobals) = postSolution
		SolutionGuid = {C15FC49C-5819-4817-B227-F1A04BBB3BE4}
	EndGlobalSection
EndGlobal
